<Solution>
  <Folder Name="/src/">
    <Project Path="src/AkmlSql.Core/AkmlSql.Core.csproj" />
    <Project Path="src/AkmlSql.Updater/AkmlSql.Updater.csproj" />
    <Project Path="src/AkmlSql.Ssms20/AkmlSql.Ssms20.csproj" />
    <Project Path="src/AkmlSql.Ssms21/AkmlSql.Ssms21.csproj" />
    <Project Path="src/AkmlSql.Ssms22/AkmlSql.Ssms22.csproj" />
    <Project Path="src/AkmlSql.VS2019/AkmlSql.VS2019.csproj" />
    <Project Path="src/AkmlSql.VS2022/AkmlSql.VS2022.csproj" />
    <Project Path="src/AkmlSql.VS2026/AkmlSql.VS2026.csproj" />
    <Project Path="src/AkmlSql.Engine/AkmlSql.Engine.csproj" />
    <Project Path="src/AkmlSql.Formatting/AkmlSql.Formatting.csproj" />
    <Project Path="src/AkmlSql.Formatter/AkmlSql.Formatter.csproj" />
    <Project Path="src/AkmlSql.Analyzer/AkmlSql.Analyzer.csproj" />
    <Project Path="src/AkmlSql.IntelliSense/AkmlSql.IntelliSense.csproj" />
    <Project Path="src/AkmlSql.Web/AkmlSql.Web.csproj" />
    <Project Path="src/AkmlSql.Web.Shared/AkmlSql.Web.Shared.csproj" />
  </Folder>
  <Folder Name="/tests/">
    <Project Path="tests/AkmlSql.Core.Tests/AkmlSql.Core.Tests.csproj" />
    <Project Path="tests/AkmlSql.Engine.Tests/AkmlSql.Engine.Tests.csproj" />
    <Project Path="tests/AkmlSql.Formatting.Tests/AkmlSql.Formatting.Tests.csproj" />
    <Project Path="tests/AkmlSql.E2E.Tests/AkmlSql.E2E.Tests.csproj" />
    <Project Path="tests/AkmlSql.IntelliSense.Tests/AkmlSql.IntelliSense.Tests.csproj" />
    <Project Path="tests/AkmlSql.Shell.Shared.Tests/AkmlSql.Shell.Shared.Tests.csproj" />
    <Project Path="tests/AkmlSql.Web.Tests/AkmlSql.Web.Tests.csproj" />
    <Project Path="tests/AkmlSql.Web.E2E.Tests/AkmlSql.Web.E2E.Tests.csproj" />
  </Folder>
</Solution>
